
Microsoft Visual Studio Solution File, Format Version 12.00
# Visual Studio Version 17
VisualStudioVersion = 17.2.32630.192
MinimumVisualStudioVersion = 10.0.40219.1
Project("{FAE04EC0-301F-11D3-BF4B-00C04F79EFBC}") = "Marxian_Bank", "Marxian_Bank.csproj", "{F5FD1AA3-C1B5-4416-BF4F-583880CA4D59}"
EndProject
Global
	GlobalSection(SolutionConfigurationPlatforms) = preSolution
		Debug|Any CPU = Debug|Any CPU
		Release|Any CPU = Release|Any CPU
	EndGlobalSection
	GlobalSection(ProjectConfigurationPlatforms) = postSolution
		{F5FD1AA3-C1B5-4416-BF4F-583880CA4D59}.Debug|Any CPU.ActiveCfg = Debug|Any CPU
		{F5FD1AA3-C1B5-4416-BF4F-583880CA4D59}.Debug|Any CPU.Build.0 = Debug|Any CPU
		{F5FD1AA3-C1B5-4416-BF4F-583880CA4D59}.Release|Any CPU.ActiveCfg = Release|Any CPU
		{F5FD1AA3-C1B5-4416-BF4F-583880CA4D59}.Release|Any CPU.Build.0 = Release|Any CPU
	EndGlobalSection
	GlobalSection(SolutionProperties) = preSolution
		HideSolutionNode = FALSE
	EndGlobalSection
	GlobalSection(ExtensibilityGlobals) = postSolution
		SolutionGuid = {FE5FE706-3892-4378-8688-06BA068D022D}
	EndGlobalSection
EndGlobal
